
Microsoft Visual Studio Solution File, Format Version 12.00
# Visual Studio Version 17
VisualStudioVersion = 17.9.34723.18
MinimumVisualStudioVersion = 10.0.40219.1
Project("{FAE04EC0-301F-11D3-BF4B-00C04F79EFBC}") = "Task3", "Task3\Task3.csproj", "{65E53C77-84A4-48FC-88DA-F5552EB6D53B}"
EndProject
Global
	GlobalSection(SolutionConfigurationPlatforms) = preSolution
		Debug|Any CPU = Debug|Any CPU
		Release|Any CPU = Release|Any CPU
	EndGlobalSection
	GlobalSection(ProjectConfigurationPlatforms) = postSolution
		{65E53C77-84A4-48FC-88DA-F5552EB6D53B}.Debug|Any CPU.ActiveCfg = Debug|Any CPU
		{65E53C77-84A4-48FC-88DA-F5552EB6D53B}.Debug|Any CPU.Build.0 = Debug|Any CPU
		{65E53C77-84A4-48FC-88DA-F5552EB6D53B}.Release|Any CPU.ActiveCfg = Release|Any CPU
		{65E53C77-84A4-48FC-88DA-F5552EB6D53B}.Release|Any CPU.Build.0 = Release|Any CPU
	EndGlobalSection
	GlobalSection(SolutionProperties) = preSolution
		HideSolutionNode = FALSE
	EndGlobalSection
	GlobalSection(ExtensibilityGlobals) = postSolution
		SolutionGuid = {439B2808-A726-431C-AF2F-9BB37AF17D34}
	EndGlobalSection
EndGlobal
